
Microsoft Visual Studio Solution File, Format Version 12.00
# Visual Studio Version 16
VisualStudioVersion = 16.0.32002.261
MinimumVisualStudioVersion = 10.0.40219.1
Project("{FAE04EC0-301F-11D3-BF4B-00C04F79EFBC}") = "Kursovik", "Kursovik\Kursovik.csproj", "{F6198931-D81E-4399-A479-C995E7820BB3}"
EndProject
Global
	GlobalSection(SolutionConfigurationPlatforms) = preSolution
		Debug|Any CPU = Debug|Any CPU
		Release|Any CPU = Release|Any CPU
	EndGlobalSection
	GlobalSection(ProjectConfigurationPlatforms) = postSolution
		{F6198931-D81E-4399-A479-C995E7820BB3}.Debug|Any CPU.ActiveCfg = Debug|Any CPU
		{F6198931-D81E-4399-A479-C995E7820BB3}.Debug|Any CPU.Build.0 = Debug|Any CPU
		{F6198931-D81E-4399-A479-C995E7820BB3}.Release|Any CPU.ActiveCfg = Release|Any CPU
		{F6198931-D81E-4399-A479-C995E7820BB3}.Release|Any CPU.Build.0 = Release|Any CPU
	EndGlobalSection
	GlobalSection(SolutionProperties) = preSolution
		HideSolutionNode = FALSE
	EndGlobalSection
	GlobalSection(ExtensibilityGlobals) = postSolution
		SolutionGuid = {74691137-9242-4695-8AFA-1AB36718D58E}
	EndGlobalSection
EndGlobal
